// !$*UTF8*$!
{
	archiveVersion = 1;
	classes = {
	};
	objectVersion = 46;
	objects = {

/* Begin PBXBuildFile section */
		A30282A515097DE600E4B91F /* Foundation.framework in Frameworks */ = {isa = PBXBuildFile; fileRef = A30282A415097DE600E4B91F /* Foundation.framework */; };
		A30282AB15097DE600E4B91F /* LRMimic.m in Sources */ = {isa = PBXBuildFile; fileRef = A30282AA15097DE600E4B91F /* LRMimic.m */; };
		A30282B315097DE600E4B91F /* SenTestingKit.framework in Frameworks */ = {isa = PBXBuildFile; fileRef = A30282B215097DE600E4B91F /* SenTestingKit.framework */; };
		A30282B515097DE600E4B91F /* UIKit.framework in Frameworks */ = {isa = PBXBuildFile; fileRef = A30282B415097DE600E4B91F /* UIKit.framework */; };
		A30282B615097DE600E4B91F /* Foundation.framework in Frameworks */ = {isa = PBXBuildFile; fileRef = A30282A415097DE600E4B91F /* Foundation.framework */; };
		A30282B915097DE600E4B91F /* libLRMimic.a in Frameworks */ = {isa = PBXBuildFile; fileRef = A30282A115097DE600E4B91F /* libLRMimic.a */; };
		A30282BF15097DE600E4B91F /* InfoPlist.strings in Resources */ = {isa = PBXBuildFile; fileRef = A30282BD15097DE600E4B91F /* InfoPlist.strings */; };
		A330DF521509A806009918BC /* LRMimicSpecs.m in Sources */ = {isa = PBXBuildFile; fileRef = A330DF511509A806009918BC /* LRMimicSpecs.m */; };
		A330DF561509A844009918BC /* RequestHelpers.m in Sources */ = {isa = PBXBuildFile; fileRef = A330DF551509A844009918BC /* RequestHelpers.m */; };
		A368F8221509A755008EBD5A /* Pods-test.xcconfig in Resources */ = {isa = PBXBuildFile; fileRef = A368F8211509A755008EBD5A /* Pods-test.xcconfig */; };
		A368F8241509A762008EBD5A /* libPods-test.a in Frameworks */ = {isa = PBXBuildFile; fileRef = A368F8231509A762008EBD5A /* libPods-test.a */; };
/* End PBXBuildFile section */

/* Begin PBXContainerItemProxy section */
		A30282B715097DE600E4B91F /* PBXContainerItemProxy */ = {
			isa = PBXContainerItemProxy;
			containerPortal = A302829815097DE600E4B91F /* Project object */;
			proxyType = 1;
			remoteGlobalIDString = A30282A015097DE600E4B91F;
			remoteInfo = LRMimic;
		};
/* End PBXContainerItemProxy section */

/* Begin PBXFileReference section */
		0CDCCDA1D2AC42D6BC67D83E /* libPods.a */ = {isa = PBXFileReference; explicitFileType = archive.ar; includeInIndex = 0; path = libPods.a; sourceTree = BUILT_PRODUCTS_DIR; };
		A30282A115097DE600E4B91F /* libLRMimic.a */ = {isa = PBXFileReference; explicitFileType = archive.ar; includeInIndex = 0; path = libLRMimic.a; sourceTree = BUILT_PRODUCTS_DIR; };
		A30282A415097DE600E4B91F /* Foundation.framework */ = {isa = PBXFileReference; lastKnownFileType = wrapper.framework; name = Foundation.framework; path = System/Library/Frameworks/Foundation.framework; sourceTree = SDKROOT; };
		A30282A815097DE600E4B91F /* LRMimic-Prefix.pch */ = {isa = PBXFileReference; lastKnownFileType = sourcecode.c.h; path = "LRMimic-Prefix.pch"; sourceTree = "<group>"; };
		A30282A915097DE600E4B91F /* LRMimic.h */ = {isa = PBXFileReference; lastKnownFileType = sourcecode.c.h; path = LRMimic.h; sourceTree = "<group>"; };
		A30282AA15097DE600E4B91F /* LRMimic.m */ = {isa = PBXFileReference; lastKnownFileType = sourcecode.c.objc; path = LRMimic.m; sourceTree = "<group>"; };
		A30282B115097DE600E4B91F /* LRMimicTests.octest */ = {isa = PBXFileReference; explicitFileType = wrapper.cfbundle; includeInIndex = 0; path = LRMimicTests.octest; sourceTree = BUILT_PRODUCTS_DIR; };
		A30282B215097DE600E4B91F /* SenTestingKit.framework */ = {isa = PBXFileReference; lastKnownFileType = wrapper.framework; name = SenTestingKit.framework; path = Library/Frameworks/SenTestingKit.framework; sourceTree = DEVELOPER_DIR; };
		A30282B415097DE600E4B91F /* UIKit.framework */ = {isa = PBXFileReference; lastKnownFileType = wrapper.framework; name = UIKit.framework; path = Library/Frameworks/UIKit.framework; sourceTree = DEVELOPER_DIR; };
		A30282BC15097DE600E4B91F /* LRMimicTests-Info.plist */ = {isa = PBXFileReference; lastKnownFileType = text.plist.xml; path = "LRMimicTests-Info.plist"; sourceTree = "<group>"; };
		A30282BE15097DE600E4B91F /* en */ = {isa = PBXFileReference; lastKnownFileType = text.plist.strings; name = en; path = en.lproj/InfoPlist.strings; sourceTree = "<group>"; };
		A330DF511509A806009918BC /* LRMimicSpecs.m */ = {isa = PBXFileReference; fileEncoding = 4; lastKnownFileType = sourcecode.c.objc; path = LRMimicSpecs.m; sourceTree = "<group>"; };
		A330DF531509A815009918BC /* SpecHelper.h */ = {isa = PBXFileReference; lastKnownFileType = sourcecode.c.h; path = SpecHelper.h; sourceTree = "<group>"; };
		A330DF541509A844009918BC /* RequestHelpers.h */ = {isa = PBXFileReference; fileEncoding = 4; lastKnownFileType = sourcecode.c.h; path = RequestHelpers.h; sourceTree = "<group>"; };
		A330DF551509A844009918BC /* RequestHelpers.m */ = {isa = PBXFileReference; fileEncoding = 4; lastKnownFileType = sourcecode.c.objc; path = RequestHelpers.m; sourceTree = "<group>"; };
		A368F8211509A755008EBD5A /* Pods-test.xcconfig */ = {isa = PBXFileReference; fileEncoding = 4; lastKnownFileType = text.xcconfig; name = "Pods-test.xcconfig"; path = "Pods/Pods-test.xcconfig"; sourceTree = SOURCE_ROOT; };
		A368F8231509A762008EBD5A /* libPods-test.a */ = {isa = PBXFileReference; lastKnownFileType = archive.ar; name = "libPods-test.a"; path = "../Pods/build/Release-iphoneos/libPods-test.a"; sourceTree = "<group>"; };
/* End PBXFileReference section */

/* Begin PBXFrameworksBuildPhase section */
		A302829E15097DE600E4B91F /* Frameworks */ = {
			isa = PBXFrameworksBuildPhase;
			buildActionMask = 2147483647;
			files = (
				A30282A515097DE600E4B91F /* Foundation.framework in Frameworks */,
			);
			runOnlyForDeploymentPostprocessing = 0;
		};
		A30282AD15097DE600E4B91F /* Frameworks */ = {
			isa = PBXFrameworksBuildPhase;
			buildActionMask = 2147483647;
			files = (
				A368F8241509A762008EBD5A /* libPods-test.a in Frameworks */,
				A30282B315097DE600E4B91F /* SenTestingKit.framework in Frameworks */,
				A30282B515097DE600E4B91F /* UIKit.framework in Frameworks */,
				A30282B615097DE600E4B91F /* Foundation.framework in Frameworks */,
				A30282B915097DE600E4B91F /* libLRMimic.a in Frameworks */,
			);
			runOnlyForDeploymentPostprocessing = 0;
		};
/* End PBXFrameworksBuildPhase section */

/* Begin PBXGroup section */
		A302829615097DE600E4B91F = {
			isa = PBXGroup;
			children = (
				A30282A615097DE600E4B91F /* LRMimic */,
				A30282BA15097DE600E4B91F /* LRMimicTests */,
				A30282A315097DE600E4B91F /* Frameworks */,
				A30282A215097DE600E4B91F /* Products */,
			);
			sourceTree = "<group>";
		};
		A30282A215097DE600E4B91F /* Products */ = {
			isa = PBXGroup;
			children = (
				A30282A115097DE600E4B91F /* libLRMimic.a */,
				A30282B115097DE600E4B91F /* LRMimicTests.octest */,
			);
			name = Products;
			sourceTree = "<group>";
		};
		A30282A315097DE600E4B91F /* Frameworks */ = {
			isa = PBXGroup;
			children = (
				A30282A415097DE600E4B91F /* Foundation.framework */,
				A30282B215097DE600E4B91F /* SenTestingKit.framework */,
				A30282B415097DE600E4B91F /* UIKit.framework */,
				0CDCCDA1D2AC42D6BC67D83E /* libPods.a */,
			);
			name = Frameworks;
			sourceTree = "<group>";
		};
		A30282A615097DE600E4B91F /* LRMimic */ = {
			isa = PBXGroup;
			children = (
				A30282A915097DE600E4B91F /* LRMimic.h */,
				A30282AA15097DE600E4B91F /* LRMimic.m */,
				A30282A715097DE600E4B91F /* Supporting Files */,
			);
			path = LRMimic;
			sourceTree = "<group>";
		};
		A30282A715097DE600E4B91F /* Supporting Files */ = {
			isa = PBXGroup;
			children = (
				A30282A815097DE600E4B91F /* LRMimic-Prefix.pch */,
			);
			name = "Supporting Files";
			sourceTree = "<group>";
		};
		A30282BA15097DE600E4B91F /* LRMimicTests */ = {
			isa = PBXGroup;
			children = (
				A330DF531509A815009918BC /* SpecHelper.h */,
				A330DF501509A806009918BC /* Specs */,
				A330DF4E1509A7B9009918BC /* Helpers */,
				A30282BB15097DE600E4B91F /* Supporting Files */,
			);
			path = LRMimicTests;
			sourceTree = "<group>";
		};
		A30282BB15097DE600E4B91F /* Supporting Files */ = {
			isa = PBXGroup;
			children = (
				A368F8231509A762008EBD5A /* libPods-test.a */,
				A368F8211509A755008EBD5A /* Pods-test.xcconfig */,
				A30282BC15097DE600E4B91F /* LRMimicTests-Info.plist */,
				A30282BD15097DE600E4B91F /* InfoPlist.strings */,
			);
			name = "Supporting Files";
			sourceTree = "<group>";
		};
		A330DF4E1509A7B9009918BC /* Helpers */ = {
			isa = PBXGroup;
			children = (
				A330DF541509A844009918BC /* RequestHelpers.h */,
				A330DF551509A844009918BC /* RequestHelpers.m */,
			);
			path = Helpers;
			sourceTree = "<group>";
		};
		A330DF501509A806009918BC /* Specs */ = {
			isa = PBXGroup;
			children = (
				A330DF511509A806009918BC /* LRMimicSpecs.m */,
			);
			path = Specs;
			sourceTree = "<group>";
		};
/* End PBXGroup section */

/* Begin PBXHeadersBuildPhase section */
		A302829F15097DE600E4B91F /* Headers */ = {
			isa = PBXHeadersBuildPhase;
			buildActionMask = 2147483647;
			files = (
			);
			runOnlyForDeploymentPostprocessing = 0;
		};
/* End PBXHeadersBuildPhase section */

/* Begin PBXNativeTarget section */
		A30282A015097DE600E4B91F /* LRMimic */ = {
			isa = PBXNativeTarget;
			buildConfigurationList = A30282C515097DE600E4B91F /* Build configuration list for PBXNativeTarget "LRMimic" */;
			buildPhases = (
				A302829D15097DE600E4B91F /* Sources */,
				A302829E15097DE600E4B91F /* Frameworks */,
				A302829F15097DE600E4B91F /* Headers */,
				CC1F578AD58246C38EB66181 /* Copy Pods Resources */,
			);
			buildRules = (
			);
			dependencies = (
			);
			name = LRMimic;
			productName = LRMimic;
			productReference = A30282A115097DE600E4B91F /* libLRMimic.a */;
			productType = "com.apple.product-type.library.static";
		};
		A30282B015097DE600E4B91F /* LRMimicTests */ = {
			isa = PBXNativeTarget;
			buildConfigurationList = A30282C815097DE600E4B91F /* Build configuration list for PBXNativeTarget "LRMimicTests" */;
			buildPhases = (
				A30282AC15097DE600E4B91F /* Sources */,
				A30282AD15097DE600E4B91F /* Frameworks */,
				A30282AE15097DE600E4B91F /* Resources */,
				A30282AF15097DE600E4B91F /* ShellScript */,
			);
			buildRules = (
			);
			dependencies = (
				A30282B815097DE600E4B91F /* PBXTargetDependency */,
			);
			name = LRMimicTests;
			productName = LRMimicTests;
			productReference = A30282B115097DE600E4B91F /* LRMimicTests.octest */;
			productType = "com.apple.product-type.bundle";
		};
/* End PBXNativeTarget section */

/* Begin PBXProject section */
		A302829815097DE600E4B91F /* Project object */ = {
			isa = PBXProject;
			attributes = {
				LastUpgradeCheck = 0430;
				ORGANIZATIONNAME = "LJR Software Limited";
			};
			buildConfigurationList = A302829B15097DE600E4B91F /* Build configuration list for PBXProject "LRMimic" */;
			compatibilityVersion = "Xcode 3.2";
			developmentRegion = English;
			hasScannedForEncodings = 0;
			knownRegions = (
				en,
			);
			mainGroup = A302829615097DE600E4B91F;
			productRefGroup = A30282A215097DE600E4B91F /* Products */;
			projectDirPath = "";
			projectRoot = "";
			targets = (
				A30282A015097DE600E4B91F /* LRMimic */,
				A30282B015097DE600E4B91F /* LRMimicTests */,
			);
		};
/* End PBXProject section */

/* Begin PBXResourcesBuildPhase section */
		A30282AE15097DE600E4B91F /* Resources */ = {
			isa = PBXResourcesBuildPhase;
			buildActionMask = 2147483647;
			files = (
				A30282BF15097DE600E4B91F /* InfoPlist.strings in Resources */,
				A368F8221509A755008EBD5A /* Pods-test.xcconfig in Resources */,
			);
			runOnlyForDeploymentPostprocessing = 0;
		};
/* End PBXResourcesBuildPhase section */

/* Begin PBXShellScriptBuildPhase section */
		A30282AF15097DE600E4B91F /* ShellScript */ = {
			isa = PBXShellScriptBuildPhase;
			buildActionMask = 2147483647;
			files = (
			);
			inputPaths = (
			);
			outputPaths = (
			);
			runOnlyForDeploymentPostprocessing = 0;
			shellPath = /bin/sh;
			shellScript = "# Run the unit tests in this test bundle.\n\"${SYSTEM_DEVELOPER_DIR}/Tools/RunUnitTests\"\n";
		};
		CC1F578AD58246C38EB66181 /* Copy Pods Resources */ = {
			isa = PBXShellScriptBuildPhase;
			buildActionMask = 2147483647;
			files = (
			);
			inputPaths = (
			);
			name = "Copy Pods Resources";
			outputPaths = (
			);
			runOnlyForDeploymentPostprocessing = 0;
			shellPath = /bin/sh;
			shellScript = "";
		};
/* End PBXShellScriptBuildPhase section */

/* Begin PBXSourcesBuildPhase section */
		A302829D15097DE600E4B91F /* Sources */ = {
			isa = PBXSourcesBuildPhase;
			buildActionMask = 2147483647;
			files = (
				A30282AB15097DE600E4B91F /* LRMimic.m in Sources */,
			);
			runOnlyForDeploymentPostprocessing = 0;
		};
		A30282AC15097DE600E4B91F /* Sources */ = {
			isa = PBXSourcesBuildPhase;
			buildActionMask = 2147483647;
			files = (
				A330DF521509A806009918BC /* LRMimicSpecs.m in Sources */,
				A330DF561509A844009918BC /* RequestHelpers.m in Sources */,
			);
			runOnlyForDeploymentPostprocessing = 0;
		};
/* End PBXSourcesBuildPhase section */

/* Begin PBXTargetDependency section */
		A30282B815097DE600E4B91F /* PBXTargetDependency */ = {
			isa = PBXTargetDependency;
			target = A30282A015097DE600E4B91F /* LRMimic */;
			targetProxy = A30282B715097DE600E4B91F /* PBXContainerItemProxy */;
		};
/* End PBXTargetDependency section */

/* Begin PBXVariantGroup section */
		A30282BD15097DE600E4B91F /* InfoPlist.strings */ = {
			isa = PBXVariantGroup;
			children = (
				A30282BE15097DE600E4B91F /* en */,
			);
			name = InfoPlist.strings;
			sourceTree = "<group>";
		};
/* End PBXVariantGroup section */

/* Begin XCBuildConfiguration section */
		A30282C315097DE600E4B91F /* Debug */ = {
			isa = XCBuildConfiguration;
			buildSettings = {
				ALWAYS_SEARCH_USER_PATHS = NO;
				ARCHS = "$(ARCHS_STANDARD_32_BIT)";
				CLANG_ENABLE_OBJC_ARC = YES;
				COPY_PHASE_STRIP = NO;
				GCC_C_LANGUAGE_STANDARD = gnu99;
				GCC_DYNAMIC_NO_PIC = NO;
				GCC_OPTIMIZATION_LEVEL = 0;
				GCC_PREPROCESSOR_DEFINITIONS = (
					"DEBUG=1",
					"$(inherited)",
				);
				GCC_SYMBOLS_PRIVATE_EXTERN = NO;
				GCC_VERSION = com.apple.compilers.llvm.clang.1_0;
				GCC_WARN_ABOUT_RETURN_TYPE = YES;
				GCC_WARN_UNINITIALIZED_AUTOS = YES;
				GCC_WARN_UNUSED_VARIABLE = YES;
				IPHONEOS_DEPLOYMENT_TARGET = 5.1;
				SDKROOT = iphoneos;
			};
			name = Debug;
		};
		A30282C415097DE600E4B91F /* Release */ = {
			isa = XCBuildConfiguration;
			buildSettings = {
				ALWAYS_SEARCH_USER_PATHS = NO;
				ARCHS = "$(ARCHS_STANDARD_32_BIT)";
				CLANG_ENABLE_OBJC_ARC = YES;
				COPY_PHASE_STRIP = YES;
				GCC_C_LANGUAGE_STANDARD = gnu99;
				GCC_VERSION = com.apple.compilers.llvm.clang.1_0;
				GCC_WARN_ABOUT_RETURN_TYPE = YES;
				GCC_WARN_UNINITIALIZED_AUTOS = YES;
				GCC_WARN_UNUSED_VARIABLE = YES;
				IPHONEOS_DEPLOYMENT_TARGET = 5.1;
				SDKROOT = iphoneos;
				VALIDATE_PRODUCT = YES;
			};
			name = Release;
		};
		A30282C615097DE600E4B91F /* Debug */ = {
			isa = XCBuildConfiguration;
			buildSettings = {
				DSTROOT = /tmp/LRMimic.dst;
				GCC_PRECOMPILE_PREFIX_HEADER = YES;
				GCC_PREFIX_HEADER = "LRMimic/LRMimic-Prefix.pch";
				GCC_VERSION = com.apple.compilers.llvm.clang.1_0;
				OTHER_LDFLAGS = "-ObjC";
				PRODUCT_NAME = "$(TARGET_NAME)";
				SKIP_INSTALL = YES;
			};
			name = Debug;
		};
		A30282C715097DE600E4B91F /* Release */ = {
			isa = XCBuildConfiguration;
			buildSettings = {
				DSTROOT = /tmp/LRMimic.dst;
				GCC_PRECOMPILE_PREFIX_HEADER = YES;
				GCC_PREFIX_HEADER = "LRMimic/LRMimic-Prefix.pch";
				GCC_VERSION = com.apple.compilers.llvm.clang.1_0;
				OTHER_LDFLAGS = "-ObjC";
				PRODUCT_NAME = "$(TARGET_NAME)";
				SKIP_INSTALL = YES;
			};
			name = Release;
		};
		A30282C915097DE600E4B91F /* Debug */ = {
			isa = XCBuildConfiguration;
			baseConfigurationReference = A368F8211509A755008EBD5A /* Pods-test.xcconfig */;
			buildSettings = {
				DSTROOT = /tmp/xcodeproj.dst;
				FRAMEWORK_SEARCH_PATHS = (
					"$(SDKROOT)/Developer/Library/Frameworks",
					"$(DEVELOPER_LIBRARY_DIR)/Frameworks",
				);
				GCC_PRECOMPILE_PREFIX_HEADER = YES;
				GCC_PREFIX_HEADER = "LRMimic/LRMimic-Prefix.pch";
				GCC_VERSION = com.apple.compilers.llvm.clang.1_0;
				INFOPLIST_FILE = "LRMimicTests/LRMimicTests-Info.plist";
				PRODUCT_NAME = "$(TARGET_NAME)";
				SKIP_INSTALL = YES;
				WRAPPER_EXTENSION = octest;
			};
			name = Debug;
		};
		A30282CA15097DE600E4B91F /* Release */ = {
			isa = XCBuildConfiguration;
			buildSettings = {
				DSTROOT = /tmp/xcodeproj.dst;
				FRAMEWORK_SEARCH_PATHS = (
					"$(SDKROOT)/Developer/Library/Frameworks",
					"$(DEVELOPER_LIBRARY_DIR)/Frameworks",
				);
				GCC_PRECOMPILE_PREFIX_HEADER = YES;
				GCC_PREFIX_HEADER = "LRMimic/LRMimic-Prefix.pch";
				GCC_VERSION = com.apple.compilers.llvm.clang.1_0;
				INFOPLIST_FILE = "LRMimicTests/LRMimicTests-Info.plist";
				PRODUCT_NAME = "$(TARGET_NAME)";
				SKIP_INSTALL = YES;
				WRAPPER_EXTENSION = octest;
			};
			name = Release;
		};
/* End XCBuildConfiguration section */

/* Begin XCConfigurationList section */
		A302829B15097DE600E4B91F /* Build configuration list for PBXProject "LRMimic" */ = {
			isa = XCConfigurationList;
			buildConfigurations = (
				A30282C315097DE600E4B91F /* Debug */,
				A30282C415097DE600E4B91F /* Release */,
			);
			defaultConfigurationIsVisible = 0;
			defaultConfigurationName = Release;
		};
		A30282C515097DE600E4B91F /* Build configuration list for PBXNativeTarget "LRMimic" */ = {
			isa = XCConfigurationList;
			buildConfigurations = (
				A30282C615097DE600E4B91F /* Debug */,
				A30282C715097DE600E4B91F /* Release */,
			);
			defaultConfigurationIsVisible = 0;
			defaultConfigurationName = Release;
		};
		A30282C815097DE600E4B91F /* Build configuration list for PBXNativeTarget "LRMimicTests" */ = {
			isa = XCConfigurationList;
			buildConfigurations = (
				A30282C915097DE600E4B91F /* Debug */,
				A30282CA15097DE600E4B91F /* Release */,
			);
			defaultConfigurationIsVisible = 0;
			defaultConfigurationName = Release;
		};
/* End XCConfigurationList section */
	};
	rootObject = A302829815097DE600E4B91F /* Project object */;
}
