// !$*UTF8*$!
{
	archiveVersion = 1;
	classes = {
	};
	objectVersion = 46;
	objects = {

/* Begin PBXBuildFile section */
		A30282A515097DE600E4B91F /* Foundation.framework in Frameworks */ = {isa = PBXBuildFile; fileRef = A30282A415097DE600E4B91F /* Foundation.framework */; };
		A30282AB15097DE600E4B91F /* LRMimic.m in Sources */ = {isa = PBXBuildFile; fileRef = A30282AA15097DE600E4B91F /* LRMimic.m */; };
		AB8227BB2E554835AC3F8BAF /* libPods-LRMimicTests.a in Frameworks */ = {isa = PBXBuildFile; fileRef = C731412800DD450ABCEF6DDE /* libPods-LRMimicTests.a */; };
		CB819725196A7C6900F2E56C /* libLRMimic.a in Frameworks */ = {isa = PBXBuildFile; fileRef = A30282A115097DE600E4B91F /* libLRMimic.a */; };
		CBAB61D3196A73C600B51AC6 /* SampleRequests.plist in Resources */ = {isa = PBXBuildFile; fileRef = CBAB61CA196A73C600B51AC6 /* SampleRequests.plist */; };
		CBAB61D4196A73C600B51AC6 /* FixtureHelpers.m in Sources */ = {isa = PBXBuildFile; fileRef = CBAB61CD196A73C600B51AC6 /* FixtureHelpers.m */; };
		CBAB61D5196A73C600B51AC6 /* RequestHelpers.m in Sources */ = {isa = PBXBuildFile; fileRef = CBAB61CF196A73C600B51AC6 /* RequestHelpers.m */; };
		CBAB61D6196A73C600B51AC6 /* LRMimicSpecs.m in Sources */ = {isa = PBXBuildFile; fileRef = CBAB61D2196A73C600B51AC6 /* LRMimicSpecs.m */; };
/* End PBXBuildFile section */

/* Begin PBXContainerItemProxy section */
		CBAB61C4196A736A00B51AC6 /* PBXContainerItemProxy */ = {
			isa = PBXContainerItemProxy;
			containerPortal = A302829815097DE600E4B91F /* Project object */;
			proxyType = 1;
			remoteGlobalIDString = A30282A015097DE600E4B91F;
			remoteInfo = LRMimic;
		};
		CBAB61D7196A768400B51AC6 /* PBXContainerItemProxy */ = {
			isa = PBXContainerItemProxy;
			containerPortal = A302829815097DE600E4B91F /* Project object */;
			proxyType = 1;
			remoteGlobalIDString = A30282A015097DE600E4B91F;
			remoteInfo = LRMimic;
		};
		CBAB61D9196A768400B51AC6 /* PBXContainerItemProxy */ = {
			isa = PBXContainerItemProxy;
			containerPortal = A302829815097DE600E4B91F /* Project object */;
			proxyType = 1;
			remoteGlobalIDString = A30282A015097DE600E4B91F;
			remoteInfo = LRMimic;
		};
		CBAB61DB196A77B400B51AC6 /* PBXContainerItemProxy */ = {
			isa = PBXContainerItemProxy;
			containerPortal = A302829815097DE600E4B91F /* Project object */;
			proxyType = 1;
			remoteGlobalIDString = A30282A015097DE600E4B91F;
			remoteInfo = LRMimic;
		};
		CBAB61DD196A77B400B51AC6 /* PBXContainerItemProxy */ = {
			isa = PBXContainerItemProxy;
			containerPortal = A302829815097DE600E4B91F /* Project object */;
			proxyType = 1;
			remoteGlobalIDString = A30282A015097DE600E4B91F;
			remoteInfo = LRMimic;
		};
/* End PBXContainerItemProxy section */

/* Begin PBXFileReference section */
		0CDCCDA1D2AC42D6BC67D83E /* libPods.a */ = {isa = PBXFileReference; explicitFileType = archive.ar; includeInIndex = 0; path = libPods.a; sourceTree = BUILT_PRODUCTS_DIR; };
		A30282A115097DE600E4B91F /* libLRMimic.a */ = {isa = PBXFileReference; explicitFileType = archive.ar; includeInIndex = 0; path = libLRMimic.a; sourceTree = BUILT_PRODUCTS_DIR; };
		A30282A415097DE600E4B91F /* Foundation.framework */ = {isa = PBXFileReference; lastKnownFileType = wrapper.framework; name = Foundation.framework; path = System/Library/Frameworks/Foundation.framework; sourceTree = SDKROOT; };
		A30282A815097DE600E4B91F /* LRMimic-Prefix.pch */ = {isa = PBXFileReference; lastKnownFileType = sourcecode.c.h; path = "LRMimic-Prefix.pch"; sourceTree = "<group>"; };
		A30282A915097DE600E4B91F /* LRMimic.h */ = {isa = PBXFileReference; lastKnownFileType = sourcecode.c.h; path = LRMimic.h; sourceTree = "<group>"; };
		A30282AA15097DE600E4B91F /* LRMimic.m */ = {isa = PBXFileReference; lastKnownFileType = sourcecode.c.objc; path = LRMimic.m; sourceTree = "<group>"; };
		A30282B215097DE600E4B91F /* SenTestingKit.framework */ = {isa = PBXFileReference; lastKnownFileType = wrapper.framework; name = SenTestingKit.framework; path = Library/Frameworks/SenTestingKit.framework; sourceTree = DEVELOPER_DIR; };
		A30282B415097DE600E4B91F /* UIKit.framework */ = {isa = PBXFileReference; lastKnownFileType = wrapper.framework; name = UIKit.framework; path = Library/Frameworks/UIKit.framework; sourceTree = DEVELOPER_DIR; };
		A7F429D8D2FB462B96D6E27E /* Pods-LRMimicTests.xcconfig */ = {isa = PBXFileReference; includeInIndex = 1; lastKnownFileType = text.xcconfig; name = "Pods-LRMimicTests.xcconfig"; path = "Pods/Pods-LRMimicTests.xcconfig"; sourceTree = "<group>"; };
		C731412800DD450ABCEF6DDE /* libPods-LRMimicTests.a */ = {isa = PBXFileReference; explicitFileType = archive.ar; includeInIndex = 0; path = "libPods-LRMimicTests.a"; sourceTree = BUILT_PRODUCTS_DIR; };
		CBAB61BD196A736A00B51AC6 /* LRMimicTests.xctest */ = {isa = PBXFileReference; explicitFileType = wrapper.cfbundle; includeInIndex = 0; path = LRMimicTests.xctest; sourceTree = BUILT_PRODUCTS_DIR; };
		CBAB61C0196A736A00B51AC6 /* Info.plist */ = {isa = PBXFileReference; lastKnownFileType = text.plist.xml; name = Info.plist; path = ../LRMimicTests/Info.plist; sourceTree = "<group>"; };
		CBAB61CA196A73C600B51AC6 /* SampleRequests.plist */ = {isa = PBXFileReference; fileEncoding = 4; lastKnownFileType = text.plist.xml; path = SampleRequests.plist; sourceTree = "<group>"; };
		CBAB61CC196A73C600B51AC6 /* FixtureHelpers.h */ = {isa = PBXFileReference; fileEncoding = 4; lastKnownFileType = sourcecode.c.h; path = FixtureHelpers.h; sourceTree = "<group>"; };
		CBAB61CD196A73C600B51AC6 /* FixtureHelpers.m */ = {isa = PBXFileReference; fileEncoding = 4; lastKnownFileType = sourcecode.c.objc; path = FixtureHelpers.m; sourceTree = "<group>"; };
		CBAB61CE196A73C600B51AC6 /* RequestHelpers.h */ = {isa = PBXFileReference; fileEncoding = 4; lastKnownFileType = sourcecode.c.h; path = RequestHelpers.h; sourceTree = "<group>"; };
		CBAB61CF196A73C600B51AC6 /* RequestHelpers.m */ = {isa = PBXFileReference; fileEncoding = 4; lastKnownFileType = sourcecode.c.objc; path = RequestHelpers.m; sourceTree = "<group>"; };
		CBAB61D0196A73C600B51AC6 /* SpecHelper.h */ = {isa = PBXFileReference; fileEncoding = 4; lastKnownFileType = sourcecode.c.h; name = SpecHelper.h; path = LRMimicTests/SpecHelper.h; sourceTree = SOURCE_ROOT; };
		CBAB61D2196A73C600B51AC6 /* LRMimicSpecs.m */ = {isa = PBXFileReference; fileEncoding = 4; lastKnownFileType = sourcecode.c.objc; path = LRMimicSpecs.m; sourceTree = "<group>"; };
/* End PBXFileReference section */

/* Begin PBXFrameworksBuildPhase section */
		A302829E15097DE600E4B91F /* Frameworks */ = {
			isa = PBXFrameworksBuildPhase;
			buildActionMask = 2147483647;
			files = (
				A30282A515097DE600E4B91F /* Foundation.framework in Frameworks */,
			);
			runOnlyForDeploymentPostprocessing = 0;
		};
		CBAB61BA196A736A00B51AC6 /* Frameworks */ = {
			isa = PBXFrameworksBuildPhase;
			buildActionMask = 2147483647;
			files = (
				CB819725196A7C6900F2E56C /* libLRMimic.a in Frameworks */,
				AB8227BB2E554835AC3F8BAF /* libPods-LRMimicTests.a in Frameworks */,
			);
			runOnlyForDeploymentPostprocessing = 0;
		};
/* End PBXFrameworksBuildPhase section */

/* Begin PBXGroup section */
		A302829615097DE600E4B91F = {
			isa = PBXGroup;
			children = (
				A30282A615097DE600E4B91F /* LRMimic */,
				CBAB61BE196A736A00B51AC6 /* LRMimicTests */,
				A30282A315097DE600E4B91F /* Frameworks */,
				A30282A215097DE600E4B91F /* Products */,
				A7F429D8D2FB462B96D6E27E /* Pods-LRMimicTests.xcconfig */,
			);
			sourceTree = "<group>";
		};
		A30282A215097DE600E4B91F /* Products */ = {
			isa = PBXGroup;
			children = (
				A30282A115097DE600E4B91F /* libLRMimic.a */,
				CBAB61BD196A736A00B51AC6 /* LRMimicTests.xctest */,
			);
			name = Products;
			sourceTree = "<group>";
		};
		A30282A315097DE600E4B91F /* Frameworks */ = {
			isa = PBXGroup;
			children = (
				A30282A415097DE600E4B91F /* Foundation.framework */,
				A30282B215097DE600E4B91F /* SenTestingKit.framework */,
				A30282B415097DE600E4B91F /* UIKit.framework */,
				0CDCCDA1D2AC42D6BC67D83E /* libPods.a */,
				C731412800DD450ABCEF6DDE /* libPods-LRMimicTests.a */,
			);
			name = Frameworks;
			sourceTree = "<group>";
		};
		A30282A615097DE600E4B91F /* LRMimic */ = {
			isa = PBXGroup;
			children = (
				A30282A915097DE600E4B91F /* LRMimic.h */,
				A30282AA15097DE600E4B91F /* LRMimic.m */,
				A30282A715097DE600E4B91F /* Supporting Files */,
			);
			path = LRMimic;
			sourceTree = "<group>";
		};
		A30282A715097DE600E4B91F /* Supporting Files */ = {
			isa = PBXGroup;
			children = (
				A30282A815097DE600E4B91F /* LRMimic-Prefix.pch */,
			);
			name = "Supporting Files";
			sourceTree = "<group>";
		};
		CBAB61BE196A736A00B51AC6 /* LRMimicTests */ = {
			isa = PBXGroup;
			children = (
				CBAB61C9196A73C600B51AC6 /* Fixtures */,
				CBAB61CB196A73C600B51AC6 /* Helpers */,
				CBAB61D0196A73C600B51AC6 /* SpecHelper.h */,
				CBAB61D1196A73C600B51AC6 /* Specs */,
				CBAB61BF196A736A00B51AC6 /* Supporting Files */,
			);
			name = LRMimicTests;
			path = "LRMimic Tests";
			sourceTree = "<group>";
		};
		CBAB61BF196A736A00B51AC6 /* Supporting Files */ = {
			isa = PBXGroup;
			children = (
				CBAB61C0196A736A00B51AC6 /* Info.plist */,
			);
			name = "Supporting Files";
			sourceTree = "<group>";
		};
		CBAB61C9196A73C600B51AC6 /* Fixtures */ = {
			isa = PBXGroup;
			children = (
				CBAB61CA196A73C600B51AC6 /* SampleRequests.plist */,
			);
			name = Fixtures;
			path = LRMimicTests/Fixtures;
			sourceTree = SOURCE_ROOT;
		};
		CBAB61CB196A73C600B51AC6 /* Helpers */ = {
			isa = PBXGroup;
			children = (
				CBAB61CC196A73C600B51AC6 /* FixtureHelpers.h */,
				CBAB61CD196A73C600B51AC6 /* FixtureHelpers.m */,
				CBAB61CE196A73C600B51AC6 /* RequestHelpers.h */,
				CBAB61CF196A73C600B51AC6 /* RequestHelpers.m */,
			);
			name = Helpers;
			path = LRMimicTests/Helpers;
			sourceTree = SOURCE_ROOT;
		};
		CBAB61D1196A73C600B51AC6 /* Specs */ = {
			isa = PBXGroup;
			children = (
				CBAB61D2196A73C600B51AC6 /* LRMimicSpecs.m */,
			);
			name = Specs;
			path = LRMimicTests/Specs;
			sourceTree = SOURCE_ROOT;
		};
/* End PBXGroup section */

/* Begin PBXHeadersBuildPhase section */
		A302829F15097DE600E4B91F /* Headers */ = {
			isa = PBXHeadersBuildPhase;
			buildActionMask = 2147483647;
			files = (
			);
			runOnlyForDeploymentPostprocessing = 0;
		};
/* End PBXHeadersBuildPhase section */

/* Begin PBXNativeTarget section */
		A30282A015097DE600E4B91F /* LRMimic */ = {
			isa = PBXNativeTarget;
			buildConfigurationList = A30282C515097DE600E4B91F /* Build configuration list for PBXNativeTarget "LRMimic" */;
			buildPhases = (
				A302829D15097DE600E4B91F /* Sources */,
				A302829E15097DE600E4B91F /* Frameworks */,
				A302829F15097DE600E4B91F /* Headers */,
				CC1F578AD58246C38EB66181 /* Copy Pods Resources */,
			);
			buildRules = (
			);
			dependencies = (
			);
			name = LRMimic;
			productName = LRMimic;
			productReference = A30282A115097DE600E4B91F /* libLRMimic.a */;
			productType = "com.apple.product-type.library.static";
		};
		CBAB61BC196A736A00B51AC6 /* LRMimicTests */ = {
			isa = PBXNativeTarget;
			buildConfigurationList = CBAB61C6196A736A00B51AC6 /* Build configuration list for PBXNativeTarget "LRMimicTests" */;
			buildPhases = (
				011FF31EE3484F40A9928E1B /* Check Pods Manifest.lock */,
				CBAB61B9196A736A00B51AC6 /* Sources */,
				CBAB61BA196A736A00B51AC6 /* Frameworks */,
				CBAB61BB196A736A00B51AC6 /* Resources */,
				FC7F26B7E8A64FC2B1A327F1 /* Copy Pods Resources */,
			);
			buildRules = (
			);
			dependencies = (
				CBAB61C5196A736A00B51AC6 /* PBXTargetDependency */,
				CBAB61D8196A768400B51AC6 /* PBXTargetDependency */,
				CBAB61DA196A768400B51AC6 /* PBXTargetDependency */,
				CBAB61DC196A77B400B51AC6 /* PBXTargetDependency */,
				CBAB61DE196A77B400B51AC6 /* PBXTargetDependency */,
			);
			name = LRMimicTests;
			productName = "LRMimic Tests";
			productReference = CBAB61BD196A736A00B51AC6 /* LRMimicTests.xctest */;
			productType = "com.apple.product-type.bundle.unit-test";
		};
/* End PBXNativeTarget section */

/* Begin PBXProject section */
		A302829815097DE600E4B91F /* Project object */ = {
			isa = PBXProject;
			attributes = {
				LastUpgradeCheck = 0510;
				ORGANIZATIONNAME = "LJR Software Limited";
				TargetAttributes = {
					CBAB61BC196A736A00B51AC6 = {
						CreatedOnToolsVersion = 6.0;
						TestTargetID = A30282A015097DE600E4B91F;
					};
				};
			};
			buildConfigurationList = A302829B15097DE600E4B91F /* Build configuration list for PBXProject "LRMimic" */;
			compatibilityVersion = "Xcode 3.2";
			developmentRegion = English;
			hasScannedForEncodings = 0;
			knownRegions = (
				en,
			);
			mainGroup = A302829615097DE600E4B91F;
			productRefGroup = A30282A215097DE600E4B91F /* Products */;
			projectDirPath = "";
			projectRoot = "";
			targets = (
				A30282A015097DE600E4B91F /* LRMimic */,
				CBAB61BC196A736A00B51AC6 /* LRMimicTests */,
			);
		};
/* End PBXProject section */

/* Begin PBXResourcesBuildPhase section */
		CBAB61BB196A736A00B51AC6 /* Resources */ = {
			isa = PBXResourcesBuildPhase;
			buildActionMask = 2147483647;
			files = (
				CBAB61D3196A73C600B51AC6 /* SampleRequests.plist in Resources */,
			);
			runOnlyForDeploymentPostprocessing = 0;
		};
/* End PBXResourcesBuildPhase section */

/* Begin PBXShellScriptBuildPhase section */
		011FF31EE3484F40A9928E1B /* Check Pods Manifest.lock */ = {
			isa = PBXShellScriptBuildPhase;
			buildActionMask = 2147483647;
			files = (
			);
			inputPaths = (
			);
			name = "Check Pods Manifest.lock";
			outputPaths = (
			);
			runOnlyForDeploymentPostprocessing = 0;
			shellPath = /bin/sh;
			shellScript = "diff \"${PODS_ROOT}/../Podfile.lock\" \"${PODS_ROOT}/Manifest.lock\" > /dev/null\nif [[ $? != 0 ]] ; then\n    cat << EOM\nerror: The sandbox is not in sync with the Podfile.lock. Run 'pod install' or update your CocoaPods installation.\nEOM\n    exit 1\nfi\n";
			showEnvVarsInLog = 0;
		};
		CC1F578AD58246C38EB66181 /* Copy Pods Resources */ = {
			isa = PBXShellScriptBuildPhase;
			buildActionMask = 2147483647;
			files = (
			);
			inputPaths = (
			);
			name = "Copy Pods Resources";
			outputPaths = (
			);
			runOnlyForDeploymentPostprocessing = 0;
			shellPath = /bin/sh;
			shellScript = "";
		};
		FC7F26B7E8A64FC2B1A327F1 /* Copy Pods Resources */ = {
			isa = PBXShellScriptBuildPhase;
			buildActionMask = 2147483647;
			files = (
			);
			inputPaths = (
			);
			name = "Copy Pods Resources";
			outputPaths = (
			);
			runOnlyForDeploymentPostprocessing = 0;
			shellPath = /bin/sh;
			shellScript = "\"${SRCROOT}/Pods/Pods-LRMimicTests-resources.sh\"\n";
			showEnvVarsInLog = 0;
		};
/* End PBXShellScriptBuildPhase section */

/* Begin PBXSourcesBuildPhase section */
		A302829D15097DE600E4B91F /* Sources */ = {
			isa = PBXSourcesBuildPhase;
			buildActionMask = 2147483647;
			files = (
				A30282AB15097DE600E4B91F /* LRMimic.m in Sources */,
			);
			runOnlyForDeploymentPostprocessing = 0;
		};
		CBAB61B9196A736A00B51AC6 /* Sources */ = {
			isa = PBXSourcesBuildPhase;
			buildActionMask = 2147483647;
			files = (
				CBAB61D6196A73C600B51AC6 /* LRMimicSpecs.m in Sources */,
				CBAB61D4196A73C600B51AC6 /* FixtureHelpers.m in Sources */,
				CBAB61D5196A73C600B51AC6 /* RequestHelpers.m in Sources */,
			);
			runOnlyForDeploymentPostprocessing = 0;
		};
/* End PBXSourcesBuildPhase section */

/* Begin PBXTargetDependency section */
		CBAB61C5196A736A00B51AC6 /* PBXTargetDependency */ = {
			isa = PBXTargetDependency;
			target = A30282A015097DE600E4B91F /* LRMimic */;
			targetProxy = CBAB61C4196A736A00B51AC6 /* PBXContainerItemProxy */;
		};
		CBAB61D8196A768400B51AC6 /* PBXTargetDependency */ = {
			isa = PBXTargetDependency;
			target = A30282A015097DE600E4B91F /* LRMimic */;
			targetProxy = CBAB61D7196A768400B51AC6 /* PBXContainerItemProxy */;
		};
		CBAB61DA196A768400B51AC6 /* PBXTargetDependency */ = {
			isa = PBXTargetDependency;
			target = A30282A015097DE600E4B91F /* LRMimic */;
			targetProxy = CBAB61D9196A768400B51AC6 /* PBXContainerItemProxy */;
		};
		CBAB61DC196A77B400B51AC6 /* PBXTargetDependency */ = {
			isa = PBXTargetDependency;
			target = A30282A015097DE600E4B91F /* LRMimic */;
			targetProxy = CBAB61DB196A77B400B51AC6 /* PBXContainerItemProxy */;
		};
		CBAB61DE196A77B400B51AC6 /* PBXTargetDependency */ = {
			isa = PBXTargetDependency;
			target = A30282A015097DE600E4B91F /* LRMimic */;
			targetProxy = CBAB61DD196A77B400B51AC6 /* PBXContainerItemProxy */;
		};
/* End PBXTargetDependency section */

/* Begin XCBuildConfiguration section */
		A30282C315097DE600E4B91F /* Debug */ = {
			isa = XCBuildConfiguration;
			buildSettings = {
				ALWAYS_SEARCH_USER_PATHS = NO;
				CLANG_ENABLE_OBJC_ARC = YES;
				CLANG_WARN_BOOL_CONVERSION = YES;
				CLANG_WARN_CONSTANT_CONVERSION = YES;
				CLANG_WARN_EMPTY_BODY = YES;
				CLANG_WARN_ENUM_CONVERSION = YES;
				CLANG_WARN_INT_CONVERSION = YES;
				CLANG_WARN__DUPLICATE_METHOD_MATCH = YES;
				COPY_PHASE_STRIP = NO;
				GCC_C_LANGUAGE_STANDARD = gnu99;
				GCC_DYNAMIC_NO_PIC = NO;
				GCC_OPTIMIZATION_LEVEL = 0;
				GCC_PREPROCESSOR_DEFINITIONS = (
					"DEBUG=1",
					"$(inherited)",
				);
				GCC_SYMBOLS_PRIVATE_EXTERN = NO;
				GCC_VERSION = com.apple.compilers.llvm.clang.1_0;
				GCC_WARN_64_TO_32_BIT_CONVERSION = YES;
				GCC_WARN_ABOUT_RETURN_TYPE = YES;
				GCC_WARN_UNDECLARED_SELECTOR = YES;
				GCC_WARN_UNINITIALIZED_AUTOS = YES;
				GCC_WARN_UNUSED_FUNCTION = YES;
				GCC_WARN_UNUSED_VARIABLE = YES;
				IPHONEOS_DEPLOYMENT_TARGET = 7.0;
				ONLY_ACTIVE_ARCH = YES;
				SDKROOT = iphoneos;
			};
			name = Debug;
		};
		A30282C415097DE600E4B91F /* Release */ = {
			isa = XCBuildConfiguration;
			buildSettings = {
				ALWAYS_SEARCH_USER_PATHS = NO;
				CLANG_ENABLE_OBJC_ARC = YES;
				CLANG_WARN_BOOL_CONVERSION = YES;
				CLANG_WARN_CONSTANT_CONVERSION = YES;
				CLANG_WARN_EMPTY_BODY = YES;
				CLANG_WARN_ENUM_CONVERSION = YES;
				CLANG_WARN_INT_CONVERSION = YES;
				CLANG_WARN__DUPLICATE_METHOD_MATCH = YES;
				COPY_PHASE_STRIP = YES;
				GCC_C_LANGUAGE_STANDARD = gnu99;
				GCC_VERSION = com.apple.compilers.llvm.clang.1_0;
				GCC_WARN_64_TO_32_BIT_CONVERSION = YES;
				GCC_WARN_ABOUT_RETURN_TYPE = YES;
				GCC_WARN_UNDECLARED_SELECTOR = YES;
				GCC_WARN_UNINITIALIZED_AUTOS = YES;
				GCC_WARN_UNUSED_FUNCTION = YES;
				GCC_WARN_UNUSED_VARIABLE = YES;
				IPHONEOS_DEPLOYMENT_TARGET = 7.0;
				SDKROOT = iphoneos;
				VALIDATE_PRODUCT = YES;
			};
			name = Release;
		};
		A30282C615097DE600E4B91F /* Debug */ = {
			isa = XCBuildConfiguration;
			buildSettings = {
				DSTROOT = /tmp/LRMimic.dst;
				GCC_PRECOMPILE_PREFIX_HEADER = YES;
				GCC_PREFIX_HEADER = "LRMimic/LRMimic-Prefix.pch";
				GCC_VERSION = com.apple.compilers.llvm.clang.1_0;
				IPHONEOS_DEPLOYMENT_TARGET = 7.0;
				ONLY_ACTIVE_ARCH = YES;
				OTHER_LDFLAGS = "-ObjC";
				PRODUCT_NAME = "$(TARGET_NAME)";
				SKIP_INSTALL = YES;
			};
			name = Debug;
		};
		A30282C715097DE600E4B91F /* Release */ = {
			isa = XCBuildConfiguration;
			buildSettings = {
				DSTROOT = /tmp/LRMimic.dst;
				GCC_PRECOMPILE_PREFIX_HEADER = YES;
				GCC_PREFIX_HEADER = "LRMimic/LRMimic-Prefix.pch";
				GCC_VERSION = com.apple.compilers.llvm.clang.1_0;
				IPHONEOS_DEPLOYMENT_TARGET = 7.0;
				OTHER_LDFLAGS = "-ObjC";
				PRODUCT_NAME = "$(TARGET_NAME)";
				SKIP_INSTALL = YES;
			};
			name = Release;
		};
		CBAB61C7196A736A00B51AC6 /* Debug */ = {
			isa = XCBuildConfiguration;
			baseConfigurationReference = A7F429D8D2FB462B96D6E27E /* Pods-LRMimicTests.xcconfig */;
			buildSettings = {
				CLANG_CXX_LANGUAGE_STANDARD = "gnu++0x";
				CLANG_CXX_LIBRARY = "libc++";
				CLANG_ENABLE_MODULES = YES;
				CLANG_WARN_BOOL_CONVERSION = YES;
				CLANG_WARN_CONSTANT_CONVERSION = YES;
				CLANG_WARN_DIRECT_OBJC_ISA_USAGE = YES_ERROR;
				CLANG_WARN_EMPTY_BODY = YES;
				CLANG_WARN_ENUM_CONVERSION = YES;
				CLANG_WARN_INT_CONVERSION = YES;
				CLANG_WARN_OBJC_ROOT_CLASS = YES_ERROR;
				CLANG_WARN_UNREACHABLE_CODE = YES;
				CLANG_WARN__DUPLICATE_METHOD_MATCH = YES;
				ENABLE_STRICT_OBJC_MSGSEND = YES;
				FRAMEWORK_SEARCH_PATHS = (
					"$(SDKROOT)/Developer/Library/Frameworks",
					"$(inherited)",
				);
				GCC_PREPROCESSOR_DEFINITIONS = (
					"DEBUG=1",
					"$(inherited)",
				);
				GCC_WARN_64_TO_32_BIT_CONVERSION = YES;
				GCC_WARN_ABOUT_RETURN_TYPE = YES_ERROR;
				GCC_WARN_UNDECLARED_SELECTOR = YES;
				GCC_WARN_UNINITIALIZED_AUTOS = YES_AGGRESSIVE;
				GCC_WARN_UNUSED_FUNCTION = YES;
				INFOPLIST_FILE = LRMimicTests/Info.plist;
				IPHONEOS_DEPLOYMENT_TARGET = 7.0;
				LD_RUNPATH_SEARCH_PATHS = "$(inherited) @executable_path/Frameworks @loader_path/Frameworks";
				METAL_ENABLE_DEBUG_INFO = YES;
				ONLY_ACTIVE_ARCH = YES;
				PRODUCT_NAME = "$(TARGET_NAME)";
			};
			name = Debug;
		};
		CBAB61C8196A736A00B51AC6 /* Release */ = {
			isa = XCBuildConfiguration;
			baseConfigurationReference = A7F429D8D2FB462B96D6E27E /* Pods-LRMimicTests.xcconfig */;
			buildSettings = {
				CLANG_CXX_LANGUAGE_STANDARD = "gnu++0x";
				CLANG_CXX_LIBRARY = "libc++";
				CLANG_ENABLE_MODULES = YES;
				CLANG_WARN_BOOL_CONVERSION = YES;
				CLANG_WARN_CONSTANT_CONVERSION = YES;
				CLANG_WARN_DIRECT_OBJC_ISA_USAGE = YES_ERROR;
				CLANG_WARN_EMPTY_BODY = YES;
				CLANG_WARN_ENUM_CONVERSION = YES;
				CLANG_WARN_INT_CONVERSION = YES;
				CLANG_WARN_OBJC_ROOT_CLASS = YES_ERROR;
				CLANG_WARN_UNREACHABLE_CODE = YES;
				CLANG_WARN__DUPLICATE_METHOD_MATCH = YES;
				ENABLE_NS_ASSERTIONS = NO;
				ENABLE_STRICT_OBJC_MSGSEND = YES;
				FRAMEWORK_SEARCH_PATHS = (
					"$(SDKROOT)/Developer/Library/Frameworks",
					"$(inherited)",
				);
				GCC_WARN_64_TO_32_BIT_CONVERSION = YES;
				GCC_WARN_ABOUT_RETURN_TYPE = YES_ERROR;
				GCC_WARN_UNDECLARED_SELECTOR = YES;
				GCC_WARN_UNINITIALIZED_AUTOS = YES_AGGRESSIVE;
				GCC_WARN_UNUSED_FUNCTION = YES;
				INFOPLIST_FILE = LRMimicTests/Info.plist;
				IPHONEOS_DEPLOYMENT_TARGET = 7.0;
				LD_RUNPATH_SEARCH_PATHS = "$(inherited) @executable_path/Frameworks @loader_path/Frameworks";
				METAL_ENABLE_DEBUG_INFO = NO;
				PRODUCT_NAME = "$(TARGET_NAME)";
			};
			name = Release;
		};
/* End XCBuildConfiguration section */

/* Begin XCConfigurationList section */
		A302829B15097DE600E4B91F /* Build configuration list for PBXProject "LRMimic" */ = {
			isa = XCConfigurationList;
			buildConfigurations = (
				A30282C315097DE600E4B91F /* Debug */,
				A30282C415097DE600E4B91F /* Release */,
			);
			defaultConfigurationIsVisible = 0;
			defaultConfigurationName = Release;
		};
		A30282C515097DE600E4B91F /* Build configuration list for PBXNativeTarget "LRMimic" */ = {
			isa = XCConfigurationList;
			buildConfigurations = (
				A30282C615097DE600E4B91F /* Debug */,
				A30282C715097DE600E4B91F /* Release */,
			);
			defaultConfigurationIsVisible = 0;
			defaultConfigurationName = Release;
		};
		CBAB61C6196A736A00B51AC6 /* Build configuration list for PBXNativeTarget "LRMimicTests" */ = {
			isa = XCConfigurationList;
			buildConfigurations = (
				CBAB61C7196A736A00B51AC6 /* Debug */,
				CBAB61C8196A736A00B51AC6 /* Release */,
			);
			defaultConfigurationIsVisible = 0;
			defaultConfigurationName = Release;
		};
/* End XCConfigurationList section */
	};
	rootObject = A302829815097DE600E4B91F /* Project object */;
}
